// !$*UTF8*$!
{
	archiveVersion = 1;
	classes = {
	};
	objectVersion = 77;
	objects = {

/* Begin PBXContainerItemProxy section */
		E7044B3B2D56668C0023FC71 /* PBXContainerItemProxy */ = {
			isa = PBXContainerItemProxy;
			containerPortal = E7044B1C2D5666890023FC71 /* Project object */;
			proxyType = 1;
			remoteGlobalIDString = E7044B232D5666890023FC71;
			remoteInfo = guidedProjectLight;
		};
		E7044B452D56668C0023FC71 /* PBXContainerItemProxy */ = {
			isa = PBXContainerItemProxy;
			containerPortal = E7044B1C2D5666890023FC71 /* Project object */;
			proxyType = 1;
			remoteGlobalIDString = E7044B232D5666890023FC71;
			remoteInfo = guidedProjectLight;
		};
/* End PBXContainerItemProxy section */

/* Begin PBXFileReference section */
		E7044B242D5666890023FC71 /* guidedProjectLight.app */ = {isa = PBXFileReference; explicitFileType = wrapper.application; includeInIndex = 0; path = guidedProjectLight.app; sourceTree = BUILT_PRODUCTS_DIR; };
		E7044B3A2D56668C0023FC71 /* guidedProjectLightTests.xctest */ = {isa = PBXFileReference; explicitFileType = wrapper.cfbundle; includeInIndex = 0; path = guidedProjectLightTests.xctest; sourceTree = BUILT_PRODUCTS_DIR; };
		E7044B442D56668C0023FC71 /* guidedProjectLightUITests.xctest */ = {isa = PBXFileReference; explicitFileType = wrapper.cfbundle; includeInIndex = 0; path = guidedProjectLightUITests.xctest; sourceTree = BUILT_PRODUCTS_DIR; };
/* End PBXFileReference section */

/* Begin PBXFileSystemSynchronizedBuildFileExceptionSet section */
		E7044B4C2D56668C0023FC71 /* Exceptions for "guidedProjectLight" folder in "guidedProjectLight" target */ = {
			isa = PBXFileSystemSynchronizedBuildFileExceptionSet;
			membershipExceptions = (
				Info.plist,
			);
			target = E7044B232D5666890023FC71 /* guidedProjectLight */;
		};
/* End PBXFileSystemSynchronizedBuildFileExceptionSet section */

/* Begin PBXFileSystemSynchronizedRootGroup section */
		E7044B262D5666890023FC71 /* guidedProjectLight */ = {
			isa = PBXFileSystemSynchronizedRootGroup;
			exceptions = (
				E7044B4C2D56668C0023FC71 /* Exceptions for "guidedProjectLight" folder in "guidedProjectLight" target */,
			);
			path = guidedProjectLight;
			sourceTree = "<group>";
		};
		E7044B3D2D56668C0023FC71 /* guidedProjectLightTests */ = {
			isa = PBXFileSystemSynchronizedRootGroup;
			path = guidedProjectLightTests;
			sourceTree = "<group>";
		};
		E7044B472D56668C0023FC71 /* guidedProjectLightUITests */ = {
			isa = PBXFileSystemSynchronizedRootGroup;
			path = guidedProjectLightUITests;
			sourceTree = "<group>";
		};
/* End PBXFileSystemSynchronizedRootGroup section */

/* Begin PBXFrameworksBuildPhase section */
		E7044B212D5666890023FC71 /* Frameworks */ = {
			isa = PBXFrameworksBuildPhase;
			buildActionMask = 2147483647;
			files = (
			);
			runOnlyForDeploymentPostprocessing = 0;
		};
		E7044B372D56668C0023FC71 /* Frameworks */ = {
			isa = PBXFrameworksBuildPhase;
			buildActionMask = 2147483647;
			files = (
			);
			runOnlyForDeploymentPostprocessing = 0;
		};
		E7044B412D56668C0023FC71 /* Frameworks */ = {
			isa = PBXFrameworksBuildPhase;
			buildActionMask = 2147483647;
			files = (
			);
			runOnlyForDeploymentPostprocessing = 0;
		};
/* End PBXFrameworksBuildPhase section */

/* Begin PBXGroup section */
		E7044B1B2D5666890023FC71 = {
			isa = PBXGroup;
			children = (
				E7044B262D5666890023FC71 /* guidedProjectLight */,
				E7044B3D2D56668C0023FC71 /* guidedProjectLightTests */,
				E7044B472D56668C0023FC71 /* guidedProjectLightUITests */,
				E7044B252D5666890023FC71 /* Products */,
			);
			sourceTree = "<group>";
		};
		E7044B252D5666890023FC71 /* Products */ = {
			isa = PBXGroup;
			children = (
				E7044B242D5666890023FC71 /* guidedProjectLight.app */,
				E7044B3A2D56668C0023FC71 /* guidedProjectLightTests.xctest */,
				E7044B442D56668C0023FC71 /* guidedProjectLightUITests.xctest */,
			);
			name = Products;
			sourceTree = "<group>";
		};
/* End PBXGroup section */

/* Begin PBXNativeTarget section */
		E7044B232D5666890023FC71 /* guidedProjectLight */ = {
			isa = PBXNativeTarget;
			buildConfigurationList = E7044B4D2D56668C0023FC71 /* Build configuration list for PBXNativeTarget "guidedProjectLight" */;
			buildPhases = (
				E7044B202D5666890023FC71 /* Sources */,
				E7044B212D5666890023FC71 /* Frameworks */,
				E7044B222D5666890023FC71 /* Resources */,
			);
			buildRules = (
			);
			dependencies = (
			);
			fileSystemSynchronizedGroups = (
				E7044B262D5666890023FC71 /* guidedProjectLight */,
			);
			name = guidedProjectLight;
			packageProductDependencies = (
			);
			productName = guidedProjectLight;
			productReference = E7044B242D5666890023FC71 /* guidedProjectLight.app */;
			productType = "com.apple.product-type.application";
		};
		E7044B392D56668C0023FC71 /* guidedProjectLightTests */ = {
			isa = PBXNativeTarget;
			buildConfigurationList = E7044B522D56668C0023FC71 /* Build configuration list for PBXNativeTarget "guidedProjectLightTests" */;
			buildPhases = (
				E7044B362D56668C0023FC71 /* Sources */,
				E7044B372D56668C0023FC71 /* Frameworks */,
				E7044B382D56668C0023FC71 /* Resources */,
			);
			buildRules = (
			);
			dependencies = (
				E7044B3C2D56668C0023FC71 /* PBXTargetDependency */,
			);
			fileSystemSynchronizedGroups = (
				E7044B3D2D56668C0023FC71 /* guidedProjectLightTests */,
			);
			name = guidedProjectLightTests;
			packageProductDependencies = (
			);
			productName = guidedProjectLightTests;
			productReference = E7044B3A2D56668C0023FC71 /* guidedProjectLightTests.xctest */;
			productType = "com.apple.product-type.bundle.unit-test";
		};
		E7044B432D56668C0023FC71 /* guidedProjectLightUITests */ = {
			isa = PBXNativeTarget;
			buildConfigurationList = E7044B552D56668C0023FC71 /* Build configuration list for PBXNativeTarget "guidedProjectLightUITests" */;
			buildPhases = (
				E7044B402D56668C0023FC71 /* Sources */,
				E7044B412D56668C0023FC71 /* Frameworks */,
				E7044B422D56668C0023FC71 /* Resources */,
			);
			buildRules = (
			);
			dependencies = (
				E7044B462D56668C0023FC71 /* PBXTargetDependency */,
			);
			fileSystemSynchronizedGroups = (
				E7044B472D56668C0023FC71 /* guidedProjectLightUITests */,
			);
			name = guidedProjectLightUITests;
			packageProductDependencies = (
			);
			productName = guidedProjectLightUITests;
			productReference = E7044B442D56668C0023FC71 /* guidedProjectLightUITests.xctest */;
			productType = "com.apple.product-type.bundle.ui-testing";
		};
/* End PBXNativeTarget section */

/* Begin PBXProject section */
		E7044B1C2D5666890023FC71 /* Project object */ = {
			isa = PBXProject;
			attributes = {
				BuildIndependentTargetsInParallel = 1;
				LastSwiftUpdateCheck = 1620;
				LastUpgradeCheck = 1620;
				TargetAttributes = {
					E7044B232D5666890023FC71 = {
						CreatedOnToolsVersion = 16.2;
					};
					E7044B392D56668C0023FC71 = {
						CreatedOnToolsVersion = 16.2;
						TestTargetID = E7044B232D5666890023FC71;
					};
					E7044B432D56668C0023FC71 = {
						CreatedOnToolsVersion = 16.2;
						TestTargetID = E7044B232D5666890023FC71;
					};
				};
			};
			buildConfigurationList = E7044B1F2D5666890023FC71 /* Build configuration list for PBXProject "guidedProjectLight" */;
			developmentRegion = en;
			hasScannedForEncodings = 0;
			knownRegions = (
				en,
				Base,
			);
			mainGroup = E7044B1B2D5666890023FC71;
			minimizedProjectReferenceProxies = 1;
			preferredProjectObjectVersion = 77;
			productRefGroup = E7044B252D5666890023FC71 /* Products */;
			projectDirPath = "";
			projectRoot = "";
			targets = (
				E7044B232D5666890023FC71 /* guidedProjectLight */,
				E7044B392D56668C0023FC71 /* guidedProjectLightTests */,
				E7044B432D56668C0023FC71 /* guidedProjectLightUITests */,
			);
		};
/* End PBXProject section */

/* Begin PBXResourcesBuildPhase section */
		E7044B222D5666890023FC71 /* Resources */ = {
			isa = PBXResourcesBuildPhase;
			buildActionMask = 2147483647;
			files = (
			);
			runOnlyForDeploymentPostprocessing = 0;
		};
		E7044B382D56668C0023FC71 /* Resources */ = {
			isa = PBXResourcesBuildPhase;
			buildActionMask = 2147483647;
			files = (
			);
			runOnlyForDeploymentPostprocessing = 0;
		};
		E7044B422D56668C0023FC71 /* Resources */ = {
			isa = PBXResourcesBuildPhase;
			buildActionMask = 2147483647;
			files = (
			);
			runOnlyForDeploymentPostprocessing = 0;
		};
/* End PBXResourcesBuildPhase section */

/* Begin PBXSourcesBuildPhase section */
		E7044B202D5666890023FC71 /* Sources */ = {
			isa = PBXSourcesBuildPhase;
			buildActionMask = 2147483647;
			files = (
			);
			runOnlyForDeploymentPostprocessing = 0;
		};
		E7044B362D56668C0023FC71 /* Sources */ = {
			isa = PBXSourcesBuildPhase;
			buildActionMask = 2147483647;
			files = (
			);
			runOnlyForDeploymentPostprocessing = 0;
		};
		E7044B402D56668C0023FC71 /* Sources */ = {
			isa = PBXSourcesBuildPhase;
			buildActionMask = 2147483647;
			files = (
			);
			runOnlyForDeploymentPostprocessing = 0;
		};
/* End PBXSourcesBuildPhase section */

/* Begin PBXTargetDependency section */
		E7044B3C2D56668C0023FC71 /* PBXTargetDependency */ = {
			isa = PBXTargetDependency;
			target = E7044B232D5666890023FC71 /* guidedProjectLight */;
			targetProxy = E7044B3B2D56668C0023FC71 /* PBXContainerItemProxy */;
		};
		E7044B462D56668C0023FC71 /* PBXTargetDependency */ = {
			isa = PBXTargetDependency;
			target = E7044B232D5666890023FC71 /* guidedProjectLight */;
			targetProxy = E7044B452D56668C0023FC71 /* PBXContainerItemProxy */;
		};
/* End PBXTargetDependency section */

/* Begin XCBuildConfiguration section */
		E7044B4E2D56668C0023FC71 /* Debug */ = {
			isa = XCBuildConfiguration;
			buildSettings = {
				ASSETCATALOG_COMPILER_APPICON_NAME = AppIcon;
				ASSETCATALOG_COMPILER_GLOBAL_ACCENT_COLOR_NAME = AccentColor;
				CODE_SIGN_STYLE = Automatic;
				CURRENT_PROJECT_VERSION = 1;
				GENERATE_INFOPLIST_FILE = YES;
				INFOPLIST_FILE = guidedProjectLight/Info.plist;
				INFOPLIST_KEY_UIApplicationSupportsIndirectInputEvents = YES;
				INFOPLIST_KEY_UILaunchStoryboardName = LaunchScreen;
				INFOPLIST_KEY_UIMainStoryboardFile = Main;
				INFOPLIST_KEY_UISupportedInterfaceOrientations_iPad = "UIInterfaceOrientationPortrait UIInterfaceOrientationPortraitUpsideDown UIInterfaceOrientationLandscapeLeft UIInterfaceOrientationLandscapeRight";
				INFOPLIST_KEY_UISupportedInterfaceOrientations_iPhone = "UIInterfaceOrientationPortrait UIInterfaceOrientationLandscapeLeft UIInterfaceOrientationLandscapeRight";
				LD_RUNPATH_SEARCH_PATHS = (
					"$(inherited)",
					"@executable_path/Frameworks",
				);
				MARKETING_VERSION = 1.0;
				PRODUCT_BUNDLE_IDENTIFIER = com.example.guidedProjectLight;
				PRODUCT_NAME = "$(TARGET_NAME)";
				SWIFT_EMIT_LOC_STRINGS = YES;
				SWIFT_VERSION = 5.0;
				TARGETED_DEVICE_FAMILY = "1,2";
			};
			name = Debug;
		};
		E7044B4F2D56668C0023FC71 /* Release */ = {
			isa = XCBuildConfiguration;
			buildSettings = {
				ASSETCATALOG_COMPILER_APPICON_NAME = AppIcon;
				ASSETCATALOG_COMPILER_GLOBAL_ACCENT_COLOR_NAME = AccentColor;
				CODE_SIGN_STYLE = Automatic;
				CURRENT_PROJECT_VERSION = 1;
				GENERATE_INFOPLIST_FILE = YES;
				INFOPLIST_FILE = guidedProjectLight/Info.plist;
				INFOPLIST_KEY_UIApplicationSupportsIndirectInputEvents = YES;
				INFOPLIST_KEY_UILaunchStoryboardName = LaunchScreen;
				INFOPLIST_KEY_UIMainStoryboardFile = Main;
				INFOPLIST_KEY_UISupportedInterfaceOrientations_iPad = "UIInterfaceOrientationPortrait UIInterfaceOrientationPortraitUpsideDown UIInterfaceOrientationLandscapeLeft UIInterfaceOrientationLandscapeRight";
				INFOPLIST_KEY_UISupportedInterfaceOrientations_iPhone = "UIInterfaceOrientationPortrait UIInterfaceOrientationLandscapeLeft UIInterfaceOrientationLandscapeRight";
				LD_RUNPATH_SEARCH_PATHS = (
					"$(inherited)",
					"@executable_path/Frameworks",
				);
				MARKETING_VERSION = 1.0;
				PRODUCT_BUNDLE_IDENTIFIER = com.example.guidedProjectLight;
				PRODUCT_NAME = "$(TARGET_NAME)";
				SWIFT_EMIT_LOC_STRINGS = YES;
				SWIFT_VERSION = 5.0;
				TARGETED_DEVICE_FAMILY = "1,2";
			};
			name = Release;
		};
		E7044B502D56668C0023FC71 /* Debug */ = {
			isa = XCBuildConfiguration;
			buildSettings = {
				ALWAYS_SEARCH_USER_PATHS = NO;
				ASSETCATALOG_COMPILER_GENERATE_SWIFT_ASSET_SYMBOL_EXTENSIONS = YES;
				CLANG_ANALYZER_NONNULL = YES;
				CLANG_ANALYZER_NUMBER_OBJECT_CONVERSION = YES_AGGRESSIVE;
				CLANG_CXX_LANGUAGE_STANDARD = "gnu++20";
				CLANG_ENABLE_MODULES = YES;
				CLANG_ENABLE_OBJC_ARC = YES;
				CLANG_ENABLE_OBJC_WEAK = YES;
				CLANG_WARN_BLOCK_CAPTURE_AUTORELEASING = YES;
				CLANG_WARN_BOOL_CONVERSION = YES;
				CLANG_WARN_COMMA = YES;
				CLANG_WARN_CONSTANT_CONVERSION = YES;
				CLANG_WARN_DEPRECATED_OBJC_IMPLEMENTATIONS = YES;
				CLANG_WARN_DIRECT_OBJC_ISA_USAGE = YES_ERROR;
				CLANG_WARN_DOCUMENTATION_COMMENTS = YES;
				CLANG_WARN_EMPTY_BODY = YES;
				CLANG_WARN_ENUM_CONVERSION = YES;
				CLANG_WARN_INFINITE_RECURSION = YES;
				CLANG_WARN_INT_CONVERSION = YES;
				CLANG_WARN_NON_LITERAL_NULL_CONVERSION = YES;
				CLANG_WARN_OBJC_IMPLICIT_RETAIN_SELF = YES;
				CLANG_WARN_OBJC_LITERAL_CONVERSION = YES;
				CLANG_WARN_OBJC_ROOT_CLASS = YES_ERROR;
				CLANG_WARN_QUOTED_INCLUDE_IN_FRAMEWORK_HEADER = YES;
				CLANG_WARN_RANGE_LOOP_ANALYSIS = YES;
				CLANG_WARN_STRICT_PROTOTYPES = YES;
				CLANG_WARN_SUSPICIOUS_MOVE = YES;
				CLANG_WARN_UNGUARDED_AVAILABILITY = YES_AGGRESSIVE;
				CLANG_WARN_UNREACHABLE_CODE = YES;
				CLANG_WARN__DUPLICATE_METHOD_MATCH = YES;
				COPY_PHASE_STRIP = NO;
				DEBUG_INFORMATION_FORMAT = dwarf;
				ENABLE_STRICT_OBJC_MSGSEND = YES;
				ENABLE_TESTABILITY = YES;
				ENABLE_USER_SCRIPT_SANDBOXING = YES;
				GCC_C_LANGUAGE_STANDARD = gnu17;
				GCC_DYNAMIC_NO_PIC = NO;
				GCC_NO_COMMON_BLOCKS = YES;
				GCC_OPTIMIZATION_LEVEL = 0;
				GCC_PREPROCESSOR_DEFINITIONS = (
					"DEBUG=1",
					"$(inherited)",
				);
				GCC_WARN_64_TO_32_BIT_CONVERSION = YES;
				GCC_WARN_ABOUT_RETURN_TYPE = YES_ERROR;
				GCC_WARN_UNDECLARED_SELECTOR = YES;
				GCC_WARN_UNINITIALIZED_AUTOS = YES_AGGRESSIVE;
				GCC_WARN_UNUSED_FUNCTION = YES;
				GCC_WARN_UNUSED_VARIABLE = YES;
				IPHONEOS_DEPLOYMENT_TARGET = 18.2;
				LOCALIZATION_PREFERS_STRING_CATALOGS = YES;
				MTL_ENABLE_DEBUG_INFO = INCLUDE_SOURCE;
				MTL_FAST_MATH = YES;
				ONLY_ACTIVE_ARCH = YES;
				SDKROOT = iphoneos;
				SWIFT_ACTIVE_COMPILATION_CONDITIONS = "DEBUG $(inherited)";
				SWIFT_OPTIMIZATION_LEVEL = "-Onone";
			};
			name = Debug;
		};
		E7044B512D56668C0023FC71 /* Release */ = {
			isa = XCBuildConfiguration;
			buildSettings = {
				ALWAYS_SEARCH_USER_PATHS = NO;
				ASSETCATALOG_COMPILER_GENERATE_SWIFT_ASSET_SYMBOL_EXTENSIONS = YES;
				CLANG_ANALYZER_NONNULL = YES;
				CLANG_ANALYZER_NUMBER_OBJECT_CONVERSION = YES_AGGRESSIVE;
				CLANG_CXX_LANGUAGE_STANDARD = "gnu++20";
				CLANG_ENABLE_MODULES = YES;
				CLANG_ENABLE_OBJC_ARC = YES;
				CLANG_ENABLE_OBJC_WEAK = YES;
				CLANG_WARN_BLOCK_CAPTURE_AUTORELEASING = YES;
				CLANG_WARN_BOOL_CONVERSION = YES;
				CLANG_WARN_COMMA = YES;
				CLANG_WARN_CONSTANT_CONVERSION = YES;
				CLANG_WARN_DEPRECATED_OBJC_IMPLEMENTATIONS = YES;
				CLANG_WARN_DIRECT_OBJC_ISA_USAGE = YES_ERROR;
				CLANG_WARN_DOCUMENTATION_COMMENTS = YES;
				CLANG_WARN_EMPTY_BODY = YES;
				CLANG_WARN_ENUM_CONVERSION = YES;
				CLANG_WARN_INFINITE_RECURSION = YES;
				CLANG_WARN_INT_CONVERSION = YES;
				CLANG_WARN_NON_LITERAL_NULL_CONVERSION = YES;
				CLANG_WARN_OBJC_IMPLICIT_RETAIN_SELF = YES;
				CLANG_WARN_OBJC_LITERAL_CONVERSION = YES;
				CLANG_WARN_OBJC_ROOT_CLASS = YES_ERROR;
				CLANG_WARN_QUOTED_INCLUDE_IN_FRAMEWORK_HEADER = YES;
				CLANG_WARN_RANGE_LOOP_ANALYSIS = YES;
				CLANG_WARN_STRICT_PROTOTYPES = YES;
				CLANG_WARN_SUSPICIOUS_MOVE = YES;
				CLANG_WARN_UNGUARDED_AVAILABILITY = YES_AGGRESSIVE;
				CLANG_WARN_UNREACHABLE_CODE = YES;
				CLANG_WARN__DUPLICATE_METHOD_MATCH = YES;
				COPY_PHASE_STRIP = NO;
				DEBUG_INFORMATION_FORMAT = "dwarf-with-dsym";
				ENABLE_NS_ASSERTIONS = NO;
				ENABLE_STRICT_OBJC_MSGSEND = YES;
				ENABLE_USER_SCRIPT_SANDBOXING = YES;
				GCC_C_LANGUAGE_STANDARD = gnu17;
				GCC_NO_COMMON_BLOCKS = YES;
				GCC_WARN_64_TO_32_BIT_CONVERSION = YES;
				GCC_WARN_ABOUT_RETURN_TYPE = YES_ERROR;
				GCC_WARN_UNDECLARED_SELECTOR = YES;
				GCC_WARN_UNINITIALIZED_AUTOS = YES_AGGRESSIVE;
				GCC_WARN_UNUSED_FUNCTION = YES;
				GCC_WARN_UNUSED_VARIABLE = YES;
				IPHONEOS_DEPLOYMENT_TARGET = 18.2;
				LOCALIZATION_PREFERS_STRING_CATALOGS = YES;
				MTL_ENABLE_DEBUG_INFO = NO;
				MTL_FAST_MATH = YES;
				SDKROOT = iphoneos;
				SWIFT_COMPILATION_MODE = wholemodule;
				VALIDATE_PRODUCT = YES;
			};
			name = Release;
		};
		E7044B532D56668C0023FC71 /* Debug */ = {
			isa = XCBuildConfiguration;
			buildSettings = {
				BUNDLE_LOADER = "$(TEST_HOST)";
				CODE_SIGN_STYLE = Automatic;
				CURRENT_PROJECT_VERSION = 1;
				GENERATE_INFOPLIST_FILE = YES;
				IPHONEOS_DEPLOYMENT_TARGET = 18.2;
				MARKETING_VERSION = 1.0;
				PRODUCT_BUNDLE_IDENTIFIER = com.example.guidedProjectLightTests;
				PRODUCT_NAME = "$(TARGET_NAME)";
				SWIFT_EMIT_LOC_STRINGS = NO;
				SWIFT_VERSION = 5.0;
				TARGETED_DEVICE_FAMILY = "1,2";
				TEST_HOST = "$(BUILT_PRODUCTS_DIR)/guidedProjectLight.app/$(BUNDLE_EXECUTABLE_FOLDER_PATH)/guidedProjectLight";
			};
			name = Debug;
		};
		E7044B542D56668C0023FC71 /* Release */ = {
			isa = XCBuildConfiguration;
			buildSettings = {
				BUNDLE_LOADER = "$(TEST_HOST)";
				CODE_SIGN_STYLE = Automatic;
				CURRENT_PROJECT_VERSION = 1;
				GENERATE_INFOPLIST_FILE = YES;
				IPHONEOS_DEPLOYMENT_TARGET = 18.2;
				MARKETING_VERSION = 1.0;
				PRODUCT_BUNDLE_IDENTIFIER = com.example.guidedProjectLightTests;
				PRODUCT_NAME = "$(TARGET_NAME)";
				SWIFT_EMIT_LOC_STRINGS = NO;
				SWIFT_VERSION = 5.0;
				TARGETED_DEVICE_FAMILY = "1,2";
				TEST_HOST = "$(BUILT_PRODUCTS_DIR)/guidedProjectLight.app/$(BUNDLE_EXECUTABLE_FOLDER_PATH)/guidedProjectLight";
			};
			name = Release;
		};
		E7044B562D56668C0023FC71 /* Debug */ = {
			isa = XCBuildConfiguration;
			buildSettings = {
				CODE_SIGN_STYLE = Automatic;
				CURRENT_PROJECT_VERSION = 1;
				GENERATE_INFOPLIST_FILE = YES;
				MARKETING_VERSION = 1.0;
				PRODUCT_BUNDLE_IDENTIFIER = com.example.guidedProjectLightUITests;
				PRODUCT_NAME = "$(TARGET_NAME)";
				SWIFT_EMIT_LOC_STRINGS = NO;
				SWIFT_VERSION = 5.0;
				TARGETED_DEVICE_FAMILY = "1,2";
				TEST_TARGET_NAME = guidedProjectLight;
			};
			name = Debug;
		};
		E7044B572D56668C0023FC71 /* Release */ = {
			isa = XCBuildConfiguration;
			buildSettings = {
				CODE_SIGN_STYLE = Automatic;
				CURRENT_PROJECT_VERSION = 1;
				GENERATE_INFOPLIST_FILE = YES;
				MARKETING_VERSION = 1.0;
				PRODUCT_BUNDLE_IDENTIFIER = com.example.guidedProjectLightUITests;
				PRODUCT_NAME = "$(TARGET_NAME)";
				SWIFT_EMIT_LOC_STRINGS = NO;
				SWIFT_VERSION = 5.0;
				TARGETED_DEVICE_FAMILY = "1,2";
				TEST_TARGET_NAME = guidedProjectLight;
			};
			name = Release;
		};
/* End XCBuildConfiguration section */

/* Begin XCConfigurationList section */
		E7044B1F2D5666890023FC71 /* Build configuration list for PBXProject "guidedProjectLight" */ = {
			isa = XCConfigurationList;
			buildConfigurations = (
				E7044B502D56668C0023FC71 /* Debug */,
				E7044B512D56668C0023FC71 /* Release */,
			);
			defaultConfigurationIsVisible = 0;
			defaultConfigurationName = Release;
		};
		E7044B4D2D56668C0023FC71 /* Build configuration list for PBXNativeTarget "guidedProjectLight" */ = {
			isa = XCConfigurationList;
			buildConfigurations = (
				E7044B4E2D56668C0023FC71 /* Debug */,
				E7044B4F2D56668C0023FC71 /* Release */,
			);
			defaultConfigurationIsVisible = 0;
			defaultConfigurationName = Release;
		};
		E7044B522D56668C0023FC71 /* Build configuration list for PBXNativeTarget "guidedProjectLightTests" */ = {
			isa = XCConfigurationList;
			buildConfigurations = (
				E7044B532D56668C0023FC71 /* Debug */,
				E7044B542D56668C0023FC71 /* Release */,
			);
			defaultConfigurationIsVisible = 0;
			defaultConfigurationName = Release;
		};
		E7044B552D56668C0023FC71 /* Build configuration list for PBXNativeTarget "guidedProjectLightUITests" */ = {
			isa = XCConfigurationList;
			buildConfigurations = (
				E7044B562D56668C0023FC71 /* Debug */,
				E7044B572D56668C0023FC71 /* Release */,
			);
			defaultConfigurationIsVisible = 0;
			defaultConfigurationName = Release;
		};
/* End XCConfigurationList section */
	};
	rootObject = E7044B1C2D5666890023FC71 /* Project object */;
}
